
Microsoft Visual Studio Solution File, Format Version 12.00
# Visual Studio Version 17
VisualStudioVersion = 17.1.32421.90
MinimumVisualStudioVersion = 10.0.40219.1
Project("{9A19103F-16F7-4668-BE54-9A1E7A4F7556}") = "MVC-AdministrativeModule", "MVC\MVC-AdministrativeModule.csproj", "{7133CE46-5FEE-474C-A8E8-28507F9B581B}"
EndProject
Project("{9A19103F-16F7-4668-BE54-9A1E7A4F7556}") = "BL", "BL\BL.csproj", "{FE5E7FDF-2EEF-4BAD-9FD4-F64F8FDCA314}"
EndProject
Project("{9A19103F-16F7-4668-BE54-9A1E7A4F7556}") = "IntegrationModule", "IntegrationModule\IntegrationModule.csproj", "{9C49FC18-C13B-4B2C-B800-EFFAFC8129CA}"
EndProject
Project("{9A19103F-16F7-4668-BE54-9A1E7A4F7556}") = "MVC-PublicModule", "MVC-PublicModule\MVC-PublicModule.csproj", "{0721861B-9E38-48A2-A85D-4E91D1A70F8A}"
EndProject
Global
	GlobalSection(SolutionConfigurationPlatforms) = preSolution
		Debug|Any CPU = Debug|Any CPU
		Release|Any CPU = Release|Any CPU
	EndGlobalSection
	GlobalSection(ProjectConfigurationPlatforms) = postSolution
		{7133CE46-5FEE-474C-A8E8-28507F9B581B}.Debug|Any CPU.ActiveCfg = Debug|Any CPU
		{7133CE46-5FEE-474C-A8E8-28507F9B581B}.Debug|Any CPU.Build.0 = Debug|Any CPU
		{7133CE46-5FEE-474C-A8E8-28507F9B581B}.Release|Any CPU.ActiveCfg = Release|Any CPU
		{7133CE46-5FEE-474C-A8E8-28507F9B581B}.Release|Any CPU.Build.0 = Release|Any CPU
		{FE5E7FDF-2EEF-4BAD-9FD4-F64F8FDCA314}.Debug|Any CPU.ActiveCfg = Debug|Any CPU
		{FE5E7FDF-2EEF-4BAD-9FD4-F64F8FDCA314}.Debug|Any CPU.Build.0 = Debug|Any CPU
		{FE5E7FDF-2EEF-4BAD-9FD4-F64F8FDCA314}.Release|Any CPU.ActiveCfg = Release|Any CPU
		{FE5E7FDF-2EEF-4BAD-9FD4-F64F8FDCA314}.Release|Any CPU.Build.0 = Release|Any CPU
		{9C49FC18-C13B-4B2C-B800-EFFAFC8129CA}.Debug|Any CPU.ActiveCfg = Debug|Any CPU
		{9C49FC18-C13B-4B2C-B800-EFFAFC8129CA}.Debug|Any CPU.Build.0 = Debug|Any CPU
		{9C49FC18-C13B-4B2C-B800-EFFAFC8129CA}.Release|Any CPU.ActiveCfg = Release|Any CPU
		{9C49FC18-C13B-4B2C-B800-EFFAFC8129CA}.Release|Any CPU.Build.0 = Release|Any CPU
		{0721861B-9E38-48A2-A85D-4E91D1A70F8A}.Debug|Any CPU.ActiveCfg = Debug|Any CPU
		{0721861B-9E38-48A2-A85D-4E91D1A70F8A}.Debug|Any CPU.Build.0 = Debug|Any CPU
		{0721861B-9E38-48A2-A85D-4E91D1A70F8A}.Release|Any CPU.ActiveCfg = Release|Any CPU
		{0721861B-9E38-48A2-A85D-4E91D1A70F8A}.Release|Any CPU.Build.0 = Release|Any CPU
	EndGlobalSection
	GlobalSection(SolutionProperties) = preSolution
		HideSolutionNode = FALSE
	EndGlobalSection
	GlobalSection(ExtensibilityGlobals) = postSolution
		SolutionGuid = {5A5580AB-EF37-49E3-8BD0-1652DB914153}
	EndGlobalSection
EndGlobal
